// !$*UTF8*$!
{
	archiveVersion = 1;
	classes = {
	};
	objectVersion = 46;
	objects = {

/* Begin PBXBuildFile section */
		33F3ACC11DD6977200ECF810 /* AppDelegate.swift in Sources */ = {isa = PBXBuildFile; fileRef = 33F3ACC01DD6977200ECF810 /* AppDelegate.swift */; };
		33F3ACC31DD6977200ECF810 /* ViewController.swift in Sources */ = {isa = PBXBuildFile; fileRef = 33F3ACC21DD6977200ECF810 /* ViewController.swift */; };
		33F3ACC81DD6977200ECF810 /* Main.storyboard in Resources */ = {isa = PBXBuildFile; fileRef = 33F3ACC61DD6977200ECF810 /* Main.storyboard */; };
		33F3ACCA1DD6977200ECF810 /* Assets.xcassets in Resources */ = {isa = PBXBuildFile; fileRef = 33F3ACC91DD6977200ECF810 /* Assets.xcassets */; };
		33F3ACCD1DD6977200ECF810 /* LaunchScreen.storyboard in Resources */ = {isa = PBXBuildFile; fileRef = 33F3ACCB1DD6977200ECF810 /* LaunchScreen.storyboard */; };
		33F3ACD71DD6A41500ECF810 /* JPSVolumeButtonHandler.m in Sources */ = {isa = PBXBuildFile; fileRef = 33F3ACD61DD6A41500ECF810 /* JPSVolumeButtonHandler.m */; };
/* End PBXBuildFile section */

/* Begin PBXFileReference section */
		33F3ACBD1DD6977200ECF810 /* Emergency.app */ = {isa = PBXFileReference; explicitFileType = wrapper.application; includeInIndex = 0; path = Emergency.app; sourceTree = BUILT_PRODUCTS_DIR; };
		33F3ACC01DD6977200ECF810 /* AppDelegate.swift */ = {isa = PBXFileReference; lastKnownFileType = sourcecode.swift; path = AppDelegate.swift; sourceTree = "<group>"; };
		33F3ACC21DD6977200ECF810 /* ViewController.swift */ = {isa = PBXFileReference; lastKnownFileType = sourcecode.swift; path = ViewController.swift; sourceTree = "<group>"; };
		33F3ACC71DD6977200ECF810 /* Base */ = {isa = PBXFileReference; lastKnownFileType = file.storyboard; name = Base; path = Base.lproj/Main.storyboard; sourceTree = "<group>"; };
		33F3ACC91DD6977200ECF810 /* Assets.xcassets */ = {isa = PBXFileReference; lastKnownFileType = folder.assetcatalog; path = Assets.xcassets; sourceTree = "<group>"; };
		33F3ACCC1DD6977200ECF810 /* Base */ = {isa = PBXFileReference; lastKnownFileType = file.storyboard; name = Base; path = Base.lproj/LaunchScreen.storyboard; sourceTree = "<group>"; };
		33F3ACCE1DD6977200ECF810 /* Info.plist */ = {isa = PBXFileReference; lastKnownFileType = text.plist.xml; path = Info.plist; sourceTree = "<group>"; };
		33F3ACD51DD6A41500ECF810 /* JPSVolumeButtonHandler.h */ = {isa = PBXFileReference; fileEncoding = 4; lastKnownFileType = sourcecode.c.h; path = JPSVolumeButtonHandler.h; sourceTree = "<group>"; };
		33F3ACD61DD6A41500ECF810 /* JPSVolumeButtonHandler.m */ = {isa = PBXFileReference; fileEncoding = 4; lastKnownFileType = sourcecode.c.objc; path = JPSVolumeButtonHandler.m; sourceTree = "<group>"; };
/* End PBXFileReference section */

/* Begin PBXFrameworksBuildPhase section */
		33F3ACBA1DD6977200ECF810 /* Frameworks */ = {
			isa = PBXFrameworksBuildPhase;
			buildActionMask = 2147483647;
			files = (
			);
			runOnlyForDeploymentPostprocessing = 0;
		};
/* End PBXFrameworksBuildPhase section */

/* Begin PBXGroup section */
		33F3ACB41DD6977200ECF810 = {
			isa = PBXGroup;
			children = (
				33F3ACBF1DD6977200ECF810 /* Emergency */,
				33F3ACBE1DD6977200ECF810 /* Products */,
			);
			sourceTree = "<group>";
		};
		33F3ACBE1DD6977200ECF810 /* Products */ = {
			isa = PBXGroup;
			children = (
				33F3ACBD1DD6977200ECF810 /* Emergency.app */,
			);
			name = Products;
			sourceTree = "<group>";
		};
		33F3ACBF1DD6977200ECF810 /* Emergency */ = {
			isa = PBXGroup;
			children = (
				33F3ACC01DD6977200ECF810 /* AppDelegate.swift */,
				33F3ACC21DD6977200ECF810 /* ViewController.swift */,
				33F3ACD41DD6A41500ECF810 /* JPSVolumeButtonHandler */,
				33F3ACC61DD6977200ECF810 /* Main.storyboard */,
				33F3ACC91DD6977200ECF810 /* Assets.xcassets */,
				33F3ACCB1DD6977200ECF810 /* LaunchScreen.storyboard */,
				33F3ACCE1DD6977200ECF810 /* Info.plist */,
			);
			path = Emergency;
			sourceTree = "<group>";
		};
		33F3ACD41DD6A41500ECF810 /* JPSVolumeButtonHandler */ = {
			isa = PBXGroup;
			children = (
				33F3ACD51DD6A41500ECF810 /* JPSVolumeButtonHandler.h */,
				33F3ACD61DD6A41500ECF810 /* JPSVolumeButtonHandler.m */,
			);
			path = JPSVolumeButtonHandler;
			sourceTree = "<group>";
		};
/* End PBXGroup section */

/* Begin PBXNativeTarget section */
		33F3ACBC1DD6977200ECF810 /* Emergency */ = {
			isa = PBXNativeTarget;
			buildConfigurationList = 33F3ACD11DD6977200ECF810 /* Build configuration list for PBXNativeTarget "Emergency" */;
			buildPhases = (
				33F3ACB91DD6977200ECF810 /* Sources */,
				33F3ACBA1DD6977200ECF810 /* Frameworks */,
				33F3ACBB1DD6977200ECF810 /* Resources */,
			);
			buildRules = (
			);
			dependencies = (
			);
			name = Emergency;
			productName = Emergency;
			productReference = 33F3ACBD1DD6977200ECF810 /* Emergency.app */;
			productType = "com.apple.product-type.application";
		};
/* End PBXNativeTarget section */

/* Begin PBXProject section */
		33F3ACB51DD6977200ECF810 /* Project object */ = {
			isa = PBXProject;
			attributes = {
				LastSwiftUpdateCheck = 0810;
				LastUpgradeCheck = 0810;
				ORGANIZATIONNAME = "Rahul Bhethanabotla";
				TargetAttributes = {
					33F3ACBC1DD6977200ECF810 = {
						CreatedOnToolsVersion = 8.1;
						DevelopmentTeam = R4AUALE6Z8;
						ProvisioningStyle = Automatic;
					};
				};
			};
			buildConfigurationList = 33F3ACB81DD6977200ECF810 /* Build configuration list for PBXProject "Emergency" */;
			compatibilityVersion = "Xcode 3.2";
			developmentRegion = English;
			hasScannedForEncodings = 0;
			knownRegions = (
				en,
				Base,
			);
			mainGroup = 33F3ACB41DD6977200ECF810;
			productRefGroup = 33F3ACBE1DD6977200ECF810 /* Products */;
			projectDirPath = "";
			projectRoot = "";
			targets = (
				33F3ACBC1DD6977200ECF810 /* Emergency */,
			);
		};
/* End PBXProject section */

/* Begin PBXResourcesBuildPhase section */
		33F3ACBB1DD6977200ECF810 /* Resources */ = {
			isa = PBXResourcesBuildPhase;
			buildActionMask = 2147483647;
			files = (
				33F3ACCD1DD6977200ECF810 /* LaunchScreen.storyboard in Resources */,
				33F3ACCA1DD6977200ECF810 /* Assets.xcassets in Resources */,
				33F3ACC81DD6977200ECF810 /* Main.storyboard in Resources */,
			);
			runOnlyForDeploymentPostprocessing = 0;
		};
/* End PBXResourcesBuildPhase section */

/* Begin PBXSourcesBuildPhase section */
		33F3ACB91DD6977200ECF810 /* Sources */ = {
			isa = PBXSourcesBuildPhase;
			buildActionMask = 2147483647;
			files = (
				33F3ACC11DD6977200ECF810 /* AppDelegate.swift in Sources */,
				33F3ACD71DD6A41500ECF810 /* JPSVolumeButtonHandler.m in Sources */,
				33F3ACC31DD6977200ECF810 /* ViewController.swift in Sources */,
			);
			runOnlyForDeploymentPostprocessing = 0;
		};
/* End PBXSourcesBuildPhase section */

/* Begin PBXVariantGroup section */
		33F3ACC61DD6977200ECF810 /* Main.storyboard */ = {
			isa = PBXVariantGroup;
			children = (
				33F3ACC71DD6977200ECF810 /* Base */,
			);
			name = Main.storyboard;
			sourceTree = "<group>";
		};
		33F3ACCB1DD6977200ECF810 /* LaunchScreen.storyboard */ = {
			isa = PBXVariantGroup;
			children = (
				33F3ACCC1DD6977200ECF810 /* Base */,
			);
			name = LaunchScreen.storyboard;
			sourceTree = "<group>";
		};
/* End PBXVariantGroup section */

/* Begin XCBuildConfiguration section */
		33F3ACCF1DD6977200ECF810 /* Debug */ = {
			isa = XCBuildConfiguration;
			buildSettings = {
				ALWAYS_SEARCH_USER_PATHS = NO;
				CLANG_ANALYZER_NONNULL = YES;
				CLANG_CXX_LANGUAGE_STANDARD = "gnu++0x";
				CLANG_CXX_LIBRARY = "libc++";
				CLANG_ENABLE_MODULES = YES;
				CLANG_ENABLE_OBJC_ARC = YES;
				CLANG_WARN_BOOL_CONVERSION = YES;
				CLANG_WARN_CONSTANT_CONVERSION = YES;
				CLANG_WARN_DIRECT_OBJC_ISA_USAGE = YES_ERROR;
				CLANG_WARN_DOCUMENTATION_COMMENTS = YES;
				CLANG_WARN_EMPTY_BODY = YES;
				CLANG_WARN_ENUM_CONVERSION = YES;
				CLANG_WARN_INFINITE_RECURSION = YES;
				CLANG_WARN_INT_CONVERSION = YES;
				CLANG_WARN_OBJC_ROOT_CLASS = YES_ERROR;
				CLANG_WARN_SUSPICIOUS_MOVES = YES;
				CLANG_WARN_UNREACHABLE_CODE = YES;
				CLANG_WARN__DUPLICATE_METHOD_MATCH = YES;
				"CODE_SIGN_IDENTITY[sdk=iphoneos*]" = "iPhone Developer";
				COPY_PHASE_STRIP = NO;
				DEBUG_INFORMATION_FORMAT = dwarf;
				ENABLE_STRICT_OBJC_MSGSEND = YES;
				ENABLE_TESTABILITY = YES;
				GCC_C_LANGUAGE_STANDARD = gnu99;
				GCC_DYNAMIC_NO_PIC = NO;
				GCC_NO_COMMON_BLOCKS = YES;
				GCC_OPTIMIZATION_LEVEL = 0;
				GCC_PREPROCESSOR_DEFINITIONS = (
					"DEBUG=1",
					"$(inherited)",
				);
				GCC_WARN_64_TO_32_BIT_CONVERSION = YES;
				GCC_WARN_ABOUT_RETURN_TYPE = YES_ERROR;
				GCC_WARN_UNDECLARED_SELECTOR = YES;
				GCC_WARN_UNINITIALIZED_AUTOS = YES_AGGRESSIVE;
				GCC_WARN_UNUSED_FUNCTION = YES;
				GCC_WARN_UNUSED_VARIABLE = YES;
				IPHONEOS_DEPLOYMENT_TARGET = 10.1;
				MTL_ENABLE_DEBUG_INFO = YES;
				ONLY_ACTIVE_ARCH = YES;
				SDKROOT = iphoneos;
				SWIFT_ACTIVE_COMPILATION_CONDITIONS = DEBUG;
				SWIFT_OPTIMIZATION_LEVEL = "-Onone";
			};
			name = Debug;
		};
		33F3ACD01DD6977200ECF810 /* Release */ = {
			isa = XCBuildConfiguration;
			buildSettings = {
				ALWAYS_SEARCH_USER_PATHS = NO;
				CLANG_ANALYZER_NONNULL = YES;
				CLANG_CXX_LANGUAGE_STANDARD = "gnu++0x";
				CLANG_CXX_LIBRARY = "libc++";
				CLANG_ENABLE_MODULES = YES;
				CLANG_ENABLE_OBJC_ARC = YES;
				CLANG_WARN_BOOL_CONVERSION = YES;
				CLANG_WARN_CONSTANT_CONVERSION = YES;
				CLANG_WARN_DIRECT_OBJC_ISA_USAGE = YES_ERROR;
				CLANG_WARN_DOCUMENTATION_COMMENTS = YES;
				CLANG_WARN_EMPTY_BODY = YES;
				CLANG_WARN_ENUM_CONVERSION = YES;
				CLANG_WARN_INFINITE_RECURSION = YES;
				CLANG_WARN_INT_CONVERSION = YES;
				CLANG_WARN_OBJC_ROOT_CLASS = YES_ERROR;
				CLANG_WARN_SUSPICIOUS_MOVES = YES;
				CLANG_WARN_UNREACHABLE_CODE = YES;
				CLANG_WARN__DUPLICATE_METHOD_MATCH = YES;
				"CODE_SIGN_IDENTITY[sdk=iphoneos*]" = "iPhone Developer";
				COPY_PHASE_STRIP = NO;
				DEBUG_INFORMATION_FORMAT = "dwarf-with-dsym";
				ENABLE_NS_ASSERTIONS = NO;
				ENABLE_STRICT_OBJC_MSGSEND = YES;
				GCC_C_LANGUAGE_STANDARD = gnu99;
				GCC_NO_COMMON_BLOCKS = YES;
				GCC_WARN_64_TO_32_BIT_CONVERSION = YES;
				GCC_WARN_ABOUT_RETURN_TYPE = YES_ERROR;
				GCC_WARN_UNDECLARED_SELECTOR = YES;
				GCC_WARN_UNINITIALIZED_AUTOS = YES_AGGRESSIVE;
				GCC_WARN_UNUSED_FUNCTION = YES;
				GCC_WARN_UNUSED_VARIABLE = YES;
				IPHONEOS_DEPLOYMENT_TARGET = 10.1;
				MTL_ENABLE_DEBUG_INFO = NO;
				SDKROOT = iphoneos;
				SWIFT_OPTIMIZATION_LEVEL = "-Owholemodule";
				VALIDATE_PRODUCT = YES;
			};
			name = Release;
		};
		33F3ACD21DD6977200ECF810 /* Debug */ = {
			isa = XCBuildConfiguration;
			buildSettings = {
				ASSETCATALOG_COMPILER_APPICON_NAME = AppIcon;
				DEVELOPMENT_TEAM = R4AUALE6Z8;
				INFOPLIST_FILE = Emergency/Info.plist;
				LD_RUNPATH_SEARCH_PATHS = "$(inherited) @executable_path/Frameworks";
				PRODUCT_BUNDLE_IDENTIFIER = com.RahulBhethanabotla.Emergency;
				PRODUCT_NAME = "$(TARGET_NAME)";
				SWIFT_VERSION = 3.0;
			};
			name = Debug;
		};
		33F3ACD31DD6977200ECF810 /* Release */ = {
			isa = XCBuildConfiguration;
			buildSettings = {
				ASSETCATALOG_COMPILER_APPICON_NAME = AppIcon;
				DEVELOPMENT_TEAM = R4AUALE6Z8;
				INFOPLIST_FILE = Emergency/Info.plist;
				LD_RUNPATH_SEARCH_PATHS = "$(inherited) @executable_path/Frameworks";
				PRODUCT_BUNDLE_IDENTIFIER = com.RahulBhethanabotla.Emergency;
				PRODUCT_NAME = "$(TARGET_NAME)";
				SWIFT_VERSION = 3.0;
			};
			name = Release;
		};
/* End XCBuildConfiguration section */

/* Begin XCConfigurationList section */
		33F3ACB81DD6977200ECF810 /* Build configuration list for PBXProject "Emergency" */ = {
			isa = XCConfigurationList;
			buildConfigurations = (
				33F3ACCF1DD6977200ECF810 /* Debug */,
				33F3ACD01DD6977200ECF810 /* Release */,
			);
			defaultConfigurationIsVisible = 0;
			defaultConfigurationName = Release;
		};
		33F3ACD11DD6977200ECF810 /* Build configuration list for PBXNativeTarget "Emergency" */ = {
			isa = XCConfigurationList;
			buildConfigurations = (
				33F3ACD21DD6977200ECF810 /* Debug */,
				33F3ACD31DD6977200ECF810 /* Release */,
			);
			defaultConfigurationIsVisible = 0;
		};
/* End XCConfigurationList section */
	};
	rootObject = 33F3ACB51DD6977200ECF810 /* Project object */;
}
